
Microsoft Visual Studio Solution File, Format Version 12.00
# Visual Studio Version 17
VisualStudioVersion = 17.5.33414.496
MinimumVisualStudioVersion = 10.0.40219.1
Project("{8BC9CEB8-8B4A-11D0-8D11-00A0C91BC942}") = "SceneViewer_Hierarchy", "SceneViewer_Hierarchy.vcxproj", "{28DC031C-2D22-4D91-9FE4-0ACA4247178B}"
EndProject
Global
	GlobalSection(SolutionConfigurationPlatforms) = preSolution
		Debug|x64 = Debug|x64
		Debug|x86 = Debug|x86
		Release|x64 = Release|x64
		Release|x86 = Release|x86
	EndGlobalSection
	GlobalSection(ProjectConfigurationPlatforms) = postSolution
		{28DC031C-2D22-4D91-9FE4-0ACA4247178B}.Debug|x64.ActiveCfg = Debug|x64
		{28DC031C-2D22-4D91-9FE4-0ACA4247178B}.Debug|x64.Build.0 = Debug|x64
		{28DC031C-2D22-4D91-9FE4-0ACA4247178B}.Debug|x86.ActiveCfg = Debug|Win32
		{28DC031C-2D22-4D91-9FE4-0ACA4247178B}.Debug|x86.Build.0 = Debug|Win32
		{28DC031C-2D22-4D91-9FE4-0ACA4247178B}.Release|x64.ActiveCfg = Release|x64
		{28DC031C-2D22-4D91-9FE4-0ACA4247178B}.Release|x64.Build.0 = Release|x64
		{28DC031C-2D22-4D91-9FE4-0ACA4247178B}.Release|x86.ActiveCfg = Release|Win32
		{28DC031C-2D22-4D91-9FE4-0ACA4247178B}.Release|x86.Build.0 = Release|Win32
	EndGlobalSection
	GlobalSection(SolutionProperties) = preSolution
		HideSolutionNode = FALSE
	EndGlobalSection
	GlobalSection(ExtensibilityGlobals) = postSolution
		SolutionGuid = {B9C1AAFD-92CB-4E90-A301-0707D8022550}
	EndGlobalSection
EndGlobal
